
Microsoft Visual Studio Solution File, Format Version 12.00
Project("{FAE04EC0-301F-11D3-BF4B-00C04F79EFBC}") = "LB3", "LB3\LB3.csproj", "{45EB0A56-6F22-45EF-9498-9C6FA2976308}"
EndProject
Global
	GlobalSection(SolutionConfigurationPlatforms) = preSolution
		Debug|Any CPU = Debug|Any CPU
		Release|Any CPU = Release|Any CPU
	EndGlobalSection
	GlobalSection(ProjectConfigurationPlatforms) = postSolution
		{45EB0A56-6F22-45EF-9498-9C6FA2976308}.Debug|Any CPU.ActiveCfg = Debug|Any CPU
		{45EB0A56-6F22-45EF-9498-9C6FA2976308}.Debug|Any CPU.Build.0 = Debug|Any CPU
		{45EB0A56-6F22-45EF-9498-9C6FA2976308}.Release|Any CPU.ActiveCfg = Release|Any CPU
		{45EB0A56-6F22-45EF-9498-9C6FA2976308}.Release|Any CPU.Build.0 = Release|Any CPU
	EndGlobalSection
EndGlobal
